
Microsoft Visual Studio Solution File, Format Version 12.00
# Visual Studio 15
VisualStudioVersion = 15.0.27004.2008
MinimumVisualStudioVersion = 10.0.40219.1
Project("{FAE04EC0-301F-11D3-BF4B-00C04F79EFBC}") = "TaskManager.Android", "TaskManager\TaskManager.Android\TaskManager.Android.csproj", "{6D5FD6C0-1B31-4533-A0C0-FF54C89EDC6E}"
EndProject
Project("{FAE04EC0-301F-11D3-BF4B-00C04F79EFBC}") = "TaskManager", "TaskManager\TaskManager\TaskManager.csproj", "{887271F1-EE6B-4B75-B2ED-94AEAF44F9C4}"
EndProject
Project("{FAE04EC0-301F-11D3-BF4B-00C04F79EFBC}") = "TaskManager.iOS", "TaskManager\TaskManager.iOS\TaskManager.iOS.csproj", "{0A17A110-0F7E-4832-895D-6B8DDBA7EAFC}"
EndProject
Global
	GlobalSection(SolutionConfigurationPlatforms) = preSolution
		Ad-Hoc|Any CPU = Ad-Hoc|Any CPU
		Ad-Hoc|iPhone = Ad-Hoc|iPhone
		Ad-Hoc|iPhoneSimulator = Ad-Hoc|iPhoneSimulator
		AppStore|Any CPU = AppStore|Any CPU
		AppStore|iPhone = AppStore|iPhone
		AppStore|iPhoneSimulator = AppStore|iPhoneSimulator
		Debug|Any CPU = Debug|Any CPU
		Debug|iPhone = Debug|iPhone
		Debug|iPhoneSimulator = Debug|iPhoneSimulator
		Release|Any CPU = Release|Any CPU
		Release|iPhone = Release|iPhone
		Release|iPhoneSimulator = Release|iPhoneSimulator
	EndGlobalSection
	GlobalSection(ProjectConfigurationPlatforms) = postSolution
		{6D5FD6C0-1B31-4533-A0C0-FF54C89EDC6E}.Ad-Hoc|Any CPU.ActiveCfg = Release|Any CPU
		{6D5FD6C0-1B31-4533-A0C0-FF54C89EDC6E}.Ad-Hoc|Any CPU.Build.0 = Release|Any CPU
		{6D5FD6C0-1B31-4533-A0C0-FF54C89EDC6E}.Ad-Hoc|Any CPU.Deploy.0 = Release|Any CPU
		{6D5FD6C0-1B31-4533-A0C0-FF54C89EDC6E}.Ad-Hoc|iPhone.ActiveCfg = Release|Any CPU
		{6D5FD6C0-1B31-4533-A0C0-FF54C89EDC6E}.Ad-Hoc|iPhone.Build.0 = Release|Any CPU
		{6D5FD6C0-1B31-4533-A0C0-FF54C89EDC6E}.Ad-Hoc|iPhone.Deploy.0 = Release|Any CPU
		{6D5FD6C0-1B31-4533-A0C0-FF54C89EDC6E}.Ad-Hoc|iPhoneSimulator.ActiveCfg = Release|Any CPU
		{6D5FD6C0-1B31-4533-A0C0-FF54C89EDC6E}.Ad-Hoc|iPhoneSimulator.Build.0 = Release|Any CPU
		{6D5FD6C0-1B31-4533-A0C0-FF54C89EDC6E}.Ad-Hoc|iPhoneSimulator.Deploy.0 = Release|Any CPU
		{6D5FD6C0-1B31-4533-A0C0-FF54C89EDC6E}.AppStore|Any CPU.ActiveCfg = Release|Any CPU
		{6D5FD6C0-1B31-4533-A0C0-FF54C89EDC6E}.AppStore|Any CPU.Build.0 = Release|Any CPU
		{6D5FD6C0-1B31-4533-A0C0-FF54C89EDC6E}.AppStore|Any CPU.Deploy.0 = Release|Any CPU
		{6D5FD6C0-1B31-4533-A0C0-FF54C89EDC6E}.AppStore|iPhone.ActiveCfg = Release|Any CPU
		{6D5FD6C0-1B31-4533-A0C0-FF54C89EDC6E}.AppStore|iPhone.Build.0 = Release|Any CPU
		{6D5FD6C0-1B31-4533-A0C0-FF54C89EDC6E}.AppStore|iPhone.Deploy.0 = Release|Any CPU
		{6D5FD6C0-1B31-4533-A0C0-FF54C89EDC6E}.AppStore|iPhoneSimulator.ActiveCfg = Release|Any CPU
		{6D5FD6C0-1B31-4533-A0C0-FF54C89EDC6E}.AppStore|iPhoneSimulator.Build.0 = Release|Any CPU
		{6D5FD6C0-1B31-4533-A0C0-FF54C89EDC6E}.AppStore|iPhoneSimulator.Deploy.0 = Release|Any CPU
		{6D5FD6C0-1B31-4533-A0C0-FF54C89EDC6E}.Debug|Any CPU.ActiveCfg = Debug|Any CPU
		{6D5FD6C0-1B31-4533-A0C0-FF54C89EDC6E}.Debug|Any CPU.Build.0 = Debug|Any CPU
		{6D5FD6C0-1B31-4533-A0C0-FF54C89EDC6E}.Debug|Any CPU.Deploy.0 = Debug|Any CPU
		{6D5FD6C0-1B31-4533-A0C0-FF54C89EDC6E}.Debug|iPhone.ActiveCfg = Debug|Any CPU
		{6D5FD6C0-1B31-4533-A0C0-FF54C89EDC6E}.Debug|iPhone.Build.0 = Debug|Any CPU
		{6D5FD6C0-1B31-4533-A0C0-FF54C89EDC6E}.Debug|iPhone.Deploy.0 = Debug|Any CPU
		{6D5FD6C0-1B31-4533-A0C0-FF54C89EDC6E}.Debug|iPhoneSimulator.ActiveCfg = Debug|Any CPU
		{6D5FD6C0-1B31-4533-A0C0-FF54C89EDC6E}.Debug|iPhoneSimulator.Build.0 = Debug|Any CPU
		{6D5FD6C0-1B31-4533-A0C0-FF54C89EDC6E}.Debug|iPhoneSimulator.Deploy.0 = Debug|Any CPU
		{6D5FD6C0-1B31-4533-A0C0-FF54C89EDC6E}.Release|Any CPU.ActiveCfg = Release|Any CPU
		{6D5FD6C0-1B31-4533-A0C0-FF54C89EDC6E}.Release|Any CPU.Build.0 = Release|Any CPU
		{6D5FD6C0-1B31-4533-A0C0-FF54C89EDC6E}.Release|Any CPU.Deploy.0 = Release|Any CPU
		{6D5FD6C0-1B31-4533-A0C0-FF54C89EDC6E}.Release|iPhone.ActiveCfg = Release|Any CPU
		{6D5FD6C0-1B31-4533-A0C0-FF54C89EDC6E}.Release|iPhone.Build.0 = Release|Any CPU
		{6D5FD6C0-1B31-4533-A0C0-FF54C89EDC6E}.Release|iPhone.Deploy.0 = Release|Any CPU
		{6D5FD6C0-1B31-4533-A0C0-FF54C89EDC6E}.Release|iPhoneSimulator.ActiveCfg = Release|Any CPU
		{6D5FD6C0-1B31-4533-A0C0-FF54C89EDC6E}.Release|iPhoneSimulator.Build.0 = Release|Any CPU
		{6D5FD6C0-1B31-4533-A0C0-FF54C89EDC6E}.Release|iPhoneSimulator.Deploy.0 = Release|Any CPU
		{887271F1-EE6B-4B75-B2ED-94AEAF44F9C4}.Ad-Hoc|Any CPU.ActiveCfg = Release|Any CPU
		{887271F1-EE6B-4B75-B2ED-94AEAF44F9C4}.Ad-Hoc|Any CPU.Build.0 = Release|Any CPU
		{887271F1-EE6B-4B75-B2ED-94AEAF44F9C4}.Ad-Hoc|iPhone.ActiveCfg = Release|Any CPU
		{887271F1-EE6B-4B75-B2ED-94AEAF44F9C4}.Ad-Hoc|iPhone.Build.0 = Release|Any CPU
		{887271F1-EE6B-4B75-B2ED-94AEAF44F9C4}.Ad-Hoc|iPhoneSimulator.ActiveCfg = Release|Any CPU
		{887271F1-EE6B-4B75-B2ED-94AEAF44F9C4}.Ad-Hoc|iPhoneSimulator.Build.0 = Release|Any CPU
		{887271F1-EE6B-4B75-B2ED-94AEAF44F9C4}.AppStore|Any CPU.ActiveCfg = Release|Any CPU
		{887271F1-EE6B-4B75-B2ED-94AEAF44F9C4}.AppStore|Any CPU.Build.0 = Release|Any CPU
		{887271F1-EE6B-4B75-B2ED-94AEAF44F9C4}.AppStore|iPhone.ActiveCfg = Release|Any CPU
		{887271F1-EE6B-4B75-B2ED-94AEAF44F9C4}.AppStore|iPhone.Build.0 = Release|Any CPU
		{887271F1-EE6B-4B75-B2ED-94AEAF44F9C4}.AppStore|iPhoneSimulator.ActiveCfg = Release|Any CPU
		{887271F1-EE6B-4B75-B2ED-94AEAF44F9C4}.AppStore|iPhoneSimulator.Build.0 = Release|Any CPU
		{887271F1-EE6B-4B75-B2ED-94AEAF44F9C4}.Debug|Any CPU.ActiveCfg = Debug|Any CPU
		{887271F1-EE6B-4B75-B2ED-94AEAF44F9C4}.Debug|Any CPU.Build.0 = Debug|Any CPU
		{887271F1-EE6B-4B75-B2ED-94AEAF44F9C4}.Debug|iPhone.ActiveCfg = Debug|Any CPU
		{887271F1-EE6B-4B75-B2ED-94AEAF44F9C4}.Debug|iPhone.Build.0 = Debug|Any CPU
		{887271F1-EE6B-4B75-B2ED-94AEAF44F9C4}.Debug|iPhoneSimulator.ActiveCfg = Debug|Any CPU
		{887271F1-EE6B-4B75-B2ED-94AEAF44F9C4}.Debug|iPhoneSimulator.Build.0 = Debug|Any CPU
		{887271F1-EE6B-4B75-B2ED-94AEAF44F9C4}.Release|Any CPU.ActiveCfg = Release|Any CPU
		{887271F1-EE6B-4B75-B2ED-94AEAF44F9C4}.Release|Any CPU.Build.0 = Release|Any CPU
		{887271F1-EE6B-4B75-B2ED-94AEAF44F9C4}.Release|iPhone.ActiveCfg = Release|Any CPU
		{887271F1-EE6B-4B75-B2ED-94AEAF44F9C4}.Release|iPhone.Build.0 = Release|Any CPU
		{887271F1-EE6B-4B75-B2ED-94AEAF44F9C4}.Release|iPhoneSimulator.ActiveCfg = Release|Any CPU
		{887271F1-EE6B-4B75-B2ED-94AEAF44F9C4}.Release|iPhoneSimulator.Build.0 = Release|Any CPU
		{0A17A110-0F7E-4832-895D-6B8DDBA7EAFC}.Ad-Hoc|Any CPU.ActiveCfg = Ad-Hoc|iPhoneSimulator
		{0A17A110-0F7E-4832-895D-6B8DDBA7EAFC}.Ad-Hoc|iPhone.ActiveCfg = Ad-Hoc|iPhone
		{0A17A110-0F7E-4832-895D-6B8DDBA7EAFC}.Ad-Hoc|iPhone.Build.0 = Ad-Hoc|iPhone
		{0A17A110-0F7E-4832-895D-6B8DDBA7EAFC}.Ad-Hoc|iPhoneSimulator.ActiveCfg = Ad-Hoc|iPhoneSimulator
		{0A17A110-0F7E-4832-895D-6B8DDBA7EAFC}.Ad-Hoc|iPhoneSimulator.Build.0 = Ad-Hoc|iPhoneSimulator
		{0A17A110-0F7E-4832-895D-6B8DDBA7EAFC}.AppStore|Any CPU.ActiveCfg = AppStore|iPhoneSimulator
		{0A17A110-0F7E-4832-895D-6B8DDBA7EAFC}.AppStore|iPhone.ActiveCfg = AppStore|iPhone
		{0A17A110-0F7E-4832-895D-6B8DDBA7EAFC}.AppStore|iPhone.Build.0 = AppStore|iPhone
		{0A17A110-0F7E-4832-895D-6B8DDBA7EAFC}.AppStore|iPhoneSimulator.ActiveCfg = AppStore|iPhoneSimulator
		{0A17A110-0F7E-4832-895D-6B8DDBA7EAFC}.AppStore|iPhoneSimulator.Build.0 = AppStore|iPhoneSimulator
		{0A17A110-0F7E-4832-895D-6B8DDBA7EAFC}.Debug|Any CPU.ActiveCfg = Debug|iPhoneSimulator
		{0A17A110-0F7E-4832-895D-6B8DDBA7EAFC}.Debug|iPhone.ActiveCfg = Debug|iPhone
		{0A17A110-0F7E-4832-895D-6B8DDBA7EAFC}.Debug|iPhone.Build.0 = Debug|iPhone
		{0A17A110-0F7E-4832-895D-6B8DDBA7EAFC}.Debug|iPhoneSimulator.ActiveCfg = Debug|iPhoneSimulator
		{0A17A110-0F7E-4832-895D-6B8DDBA7EAFC}.Debug|iPhoneSimulator.Build.0 = Debug|iPhoneSimulator
		{0A17A110-0F7E-4832-895D-6B8DDBA7EAFC}.Release|Any CPU.ActiveCfg = Release|iPhoneSimulator
		{0A17A110-0F7E-4832-895D-6B8DDBA7EAFC}.Release|iPhone.ActiveCfg = Release|iPhone
		{0A17A110-0F7E-4832-895D-6B8DDBA7EAFC}.Release|iPhone.Build.0 = Release|iPhone
		{0A17A110-0F7E-4832-895D-6B8DDBA7EAFC}.Release|iPhoneSimulator.ActiveCfg = Release|iPhoneSimulator
		{0A17A110-0F7E-4832-895D-6B8DDBA7EAFC}.Release|iPhoneSimulator.Build.0 = Release|iPhoneSimulator
	EndGlobalSection
	GlobalSection(SolutionProperties) = preSolution
		HideSolutionNode = FALSE
	EndGlobalSection
	GlobalSection(ExtensibilityGlobals) = postSolution
		SolutionGuid = {6D1BCF46-28CD-4CBF-A60C-017375E1010E}
	EndGlobalSection
EndGlobal
